
Microsoft Visual Studio Solution File, Format Version 12.00
# Visual Studio Version 17
VisualStudioVersion = 17.10.35004.147
MinimumVisualStudioVersion = 10.0.40219.1
Project("{9A19103F-16F7-4668-BE54-9A1E7A4F7556}") = "GeminiWebHook", "GeminiWebHook\GeminiWebHook.csproj", "{102FBACF-556A-4F1D-B4E8-C06C6A809894}"
EndProject
Project("{9A19103F-16F7-4668-BE54-9A1E7A4F7556}") = "GeminiChatBot", "GeminiChatBot\GeminiChatBot.csproj", "{56390AE4-B3C9-4D40-90F5-A0BF55E41FE3}"
EndProject
Project("{FAE04EC0-301F-11D3-BF4B-00C04F79EFBC}") = "Chatbot.Scheduler", "Chatbot.Scheduler\Chatbot.Scheduler.csproj", "{7E1A268D-EEEB-4971-8728-2EC581C7BAD7}"
EndProject
Project("{FAE04EC0-301F-11D3-BF4B-00C04F79EFBC}") = "Chatbot.Service", "Chatbot.Service\Chatbot.Service.csproj", "{85A6E51F-B2B2-4FF2-B98D-D9B80A02BB5C}"
EndProject
Global
	GlobalSection(SolutionConfigurationPlatforms) = preSolution
		Debug|Any CPU = Debug|Any CPU
		Release|Any CPU = Release|Any CPU
	EndGlobalSection
	GlobalSection(ProjectConfigurationPlatforms) = postSolution
		{102FBACF-556A-4F1D-B4E8-C06C6A809894}.Debug|Any CPU.ActiveCfg = Debug|Any CPU
		{102FBACF-556A-4F1D-B4E8-C06C6A809894}.Debug|Any CPU.Build.0 = Debug|Any CPU
		{102FBACF-556A-4F1D-B4E8-C06C6A809894}.Release|Any CPU.ActiveCfg = Release|Any CPU
		{102FBACF-556A-4F1D-B4E8-C06C6A809894}.Release|Any CPU.Build.0 = Release|Any CPU
		{56390AE4-B3C9-4D40-90F5-A0BF55E41FE3}.Debug|Any CPU.ActiveCfg = Debug|Any CPU
		{56390AE4-B3C9-4D40-90F5-A0BF55E41FE3}.Debug|Any CPU.Build.0 = Debug|Any CPU
		{56390AE4-B3C9-4D40-90F5-A0BF55E41FE3}.Release|Any CPU.ActiveCfg = Release|Any CPU
		{56390AE4-B3C9-4D40-90F5-A0BF55E41FE3}.Release|Any CPU.Build.0 = Release|Any CPU
		{7E1A268D-EEEB-4971-8728-2EC581C7BAD7}.Debug|Any CPU.ActiveCfg = Debug|Any CPU
		{7E1A268D-EEEB-4971-8728-2EC581C7BAD7}.Debug|Any CPU.Build.0 = Debug|Any CPU
		{7E1A268D-EEEB-4971-8728-2EC581C7BAD7}.Release|Any CPU.ActiveCfg = Release|Any CPU
		{7E1A268D-EEEB-4971-8728-2EC581C7BAD7}.Release|Any CPU.Build.0 = Release|Any CPU
		{85A6E51F-B2B2-4FF2-B98D-D9B80A02BB5C}.Debug|Any CPU.ActiveCfg = Debug|Any CPU
		{85A6E51F-B2B2-4FF2-B98D-D9B80A02BB5C}.Debug|Any CPU.Build.0 = Debug|Any CPU
		{85A6E51F-B2B2-4FF2-B98D-D9B80A02BB5C}.Release|Any CPU.ActiveCfg = Release|Any CPU
		{85A6E51F-B2B2-4FF2-B98D-D9B80A02BB5C}.Release|Any CPU.Build.0 = Release|Any CPU
	EndGlobalSection
	GlobalSection(SolutionProperties) = preSolution
		HideSolutionNode = FALSE
	EndGlobalSection
	GlobalSection(ExtensibilityGlobals) = postSolution
		SolutionGuid = {9ECD3EDF-6D99-44E0-A35D-2F7D07EE97C1}
	EndGlobalSection
EndGlobal
